
Microsoft Visual Studio Solution File, Format Version 12.00
# Visual Studio Version 17
VisualStudioVersion = 17.14.36414.22 d17.14
MinimumVisualStudioVersion = 10.0.40219.1
Project("{FAE04EC0-301F-11D3-BF4B-00C04F79EFBC}") = "Car2", "Car2.csproj", "{151448ED-040B-49D4-9014-69D6A8447CAC}"
EndProject
Global
	GlobalSection(SolutionConfigurationPlatforms) = preSolution
		Debug|Any CPU = Debug|Any CPU
		Release|Any CPU = Release|Any CPU
	EndGlobalSection
	GlobalSection(ProjectConfigurationPlatforms) = postSolution
		{151448ED-040B-49D4-9014-69D6A8447CAC}.Debug|Any CPU.ActiveCfg = Debug|Any CPU
		{151448ED-040B-49D4-9014-69D6A8447CAC}.Debug|Any CPU.Build.0 = Debug|Any CPU
		{151448ED-040B-49D4-9014-69D6A8447CAC}.Release|Any CPU.ActiveCfg = Release|Any CPU
		{151448ED-040B-49D4-9014-69D6A8447CAC}.Release|Any CPU.Build.0 = Release|Any CPU
	EndGlobalSection
	GlobalSection(SolutionProperties) = preSolution
		HideSolutionNode = FALSE
	EndGlobalSection
	GlobalSection(ExtensibilityGlobals) = postSolution
		SolutionGuid = {0BAC6953-CE29-41EB-B696-228D02E42F86}
	EndGlobalSection
EndGlobal
